
Microsoft Visual Studio Solution File, Format Version 12.00
# Visual Studio Version 16
VisualStudioVersion = 16.0.32802.440
MinimumVisualStudioVersion = 10.0.40219.1
Project("{8BC9CEB8-8B4A-11D0-8D11-00A0C91BC942}") = "gql_client", "gql_client.vcxproj", "{BAE9DD8E-ED8F-4B26-95AF-E0D6C1CABDE2}"
EndProject
Global
	GlobalSection(SolutionConfigurationPlatforms) = preSolution
		Debug|x64 = Debug|x64
		Release|x64 = Release|x64
	EndGlobalSection
	GlobalSection(ProjectConfigurationPlatforms) = postSolution
		{BAE9DD8E-ED8F-4B26-95AF-E0D6C1CABDE2}.Debug|x64.ActiveCfg = Debug|x64
		{BAE9DD8E-ED8F-4B26-95AF-E0D6C1CABDE2}.Debug|x64.Build.0 = Debug|x64
		{BAE9DD8E-ED8F-4B26-95AF-E0D6C1CABDE2}.Release|x64.ActiveCfg = Release|x64
		{BAE9DD8E-ED8F-4B26-95AF-E0D6C1CABDE2}.Release|x64.Build.0 = Release|x64
	EndGlobalSection
	GlobalSection(SolutionProperties) = preSolution
		HideSolutionNode = FALSE
	EndGlobalSection
	GlobalSection(ExtensibilityGlobals) = postSolution
		SolutionGuid = {6240698D-C119-4325-8731-AC9787CE931F}
	EndGlobalSection
EndGlobal
